
Microsoft Visual Studio Solution File, Format Version 12.00
# Visual Studio Version 16
VisualStudioVersion = 16.0.808.3
MinimumVisualStudioVersion = 10.0.40219.1
Project("{FAE04EC0-301F-11D3-BF4B-00C04F79EFBC}") = "RecipeAPI", "RecipeAPI.csproj", "{4D35B4A2-2180-4B6D-9212-2C48F5E31D45}"
EndProject
Global
	GlobalSection(SolutionConfigurationPlatforms) = preSolution
		Debug|Any CPU = Debug|Any CPU
		Release|Any CPU = Release|Any CPU
	EndGlobalSection
	GlobalSection(ProjectConfigurationPlatforms) = postSolution
		{4D35B4A2-2180-4B6D-9212-2C48F5E31D45}.Debug|Any CPU.ActiveCfg = Debug|Any CPU
		{4D35B4A2-2180-4B6D-9212-2C48F5E31D45}.Debug|Any CPU.Build.0 = Debug|Any CPU
		{4D35B4A2-2180-4B6D-9212-2C48F5E31D45}.Release|Any CPU.ActiveCfg = Release|Any CPU
		{4D35B4A2-2180-4B6D-9212-2C48F5E31D45}.Release|Any CPU.Build.0 = Release|Any CPU
	EndGlobalSection
	GlobalSection(SolutionProperties) = preSolution
		HideSolutionNode = FALSE
	EndGlobalSection
	GlobalSection(ExtensibilityGlobals) = postSolution
		SolutionGuid = {2EDD55F6-5BD9-4332-95BB-35C2AEB2E0F5}
	EndGlobalSection
EndGlobal
